
Microsoft Visual Studio Solution File, Format Version 12.00
# Visual Studio 14
VisualStudioVersion = 14.0.25420.1
MinimumVisualStudioVersion = 10.0.40219.1
Project("{FAE04EC0-301F-11D3-BF4B-00C04F79EFBC}") = "HelloMobileGit", "HelloMobileGit\HelloMobileGit\HelloMobileGit.csproj", "{2AA08FC7-6E4D-4389-91E3-3ED3C4B60064}"
EndProject
Project("{FAE04EC0-301F-11D3-BF4B-00C04F79EFBC}") = "HelloMobileGit.Droid", "HelloMobileGit\HelloMobileGit.Droid\HelloMobileGit.Droid.csproj", "{2FBDFCEB-B468-4265-A6E1-995727AC63A7}"
EndProject
Project("{FAE04EC0-301F-11D3-BF4B-00C04F79EFBC}") = "HelloMobileGit.iOS", "HelloMobileGit\HelloMobileGit.iOS\HelloMobileGit.iOS.csproj", "{C642BEE4-3DDF-4A30-9FB5-1BB0588048F6}"
EndProject
Project("{FAE04EC0-301F-11D3-BF4B-00C04F79EFBC}") = "HelloMobileGit.WinPhone", "HelloMobileGit\HelloMobileGit.WinPhone\HelloMobileGit.WinPhone.csproj", "{A359B18E-6400-4954-AD69-60105A97D1B3}"
EndProject
Project("{FAE04EC0-301F-11D3-BF4B-00C04F79EFBC}") = "HelloMobileGit.Windows", "HelloMobileGit\HelloMobileGit.Windows\HelloMobileGit.Windows.csproj", "{EAD48C4F-26C9-4A65-BD65-0D2FD6A25591}"
EndProject
Global
	GlobalSection(SolutionConfigurationPlatforms) = preSolution
		Ad-Hoc|Any CPU = Ad-Hoc|Any CPU
		Ad-Hoc|ARM = Ad-Hoc|ARM
		Ad-Hoc|iPhone = Ad-Hoc|iPhone
		Ad-Hoc|iPhoneSimulator = Ad-Hoc|iPhoneSimulator
		Ad-Hoc|x64 = Ad-Hoc|x64
		Ad-Hoc|x86 = Ad-Hoc|x86
		AppStore|Any CPU = AppStore|Any CPU
		AppStore|ARM = AppStore|ARM
		AppStore|iPhone = AppStore|iPhone
		AppStore|iPhoneSimulator = AppStore|iPhoneSimulator
		AppStore|x64 = AppStore|x64
		AppStore|x86 = AppStore|x86
		Debug|Any CPU = Debug|Any CPU
		Debug|ARM = Debug|ARM
		Debug|iPhone = Debug|iPhone
		Debug|iPhoneSimulator = Debug|iPhoneSimulator
		Debug|x64 = Debug|x64
		Debug|x86 = Debug|x86
		Release|Any CPU = Release|Any CPU
		Release|ARM = Release|ARM
		Release|iPhone = Release|iPhone
		Release|iPhoneSimulator = Release|iPhoneSimulator
		Release|x64 = Release|x64
		Release|x86 = Release|x86
	EndGlobalSection
	GlobalSection(ProjectConfigurationPlatforms) = postSolution
		{2AA08FC7-6E4D-4389-91E3-3ED3C4B60064}.Ad-Hoc|Any CPU.ActiveCfg = Release|Any CPU
		{2AA08FC7-6E4D-4389-91E3-3ED3C4B60064}.Ad-Hoc|Any CPU.Build.0 = Release|Any CPU
		{2AA08FC7-6E4D-4389-91E3-3ED3C4B60064}.Ad-Hoc|ARM.ActiveCfg = Release|Any CPU
		{2AA08FC7-6E4D-4389-91E3-3ED3C4B60064}.Ad-Hoc|ARM.Build.0 = Release|Any CPU
		{2AA08FC7-6E4D-4389-91E3-3ED3C4B60064}.Ad-Hoc|iPhone.ActiveCfg = Release|Any CPU
		{2AA08FC7-6E4D-4389-91E3-3ED3C4B60064}.Ad-Hoc|iPhone.Build.0 = Release|Any CPU
		{2AA08FC7-6E4D-4389-91E3-3ED3C4B60064}.Ad-Hoc|iPhoneSimulator.ActiveCfg = Release|Any CPU
		{2AA08FC7-6E4D-4389-91E3-3ED3C4B60064}.Ad-Hoc|iPhoneSimulator.Build.0 = Release|Any CPU
		{2AA08FC7-6E4D-4389-91E3-3ED3C4B60064}.Ad-Hoc|x64.ActiveCfg = Release|Any CPU
		{2AA08FC7-6E4D-4389-91E3-3ED3C4B60064}.Ad-Hoc|x64.Build.0 = Release|Any CPU
		{2AA08FC7-6E4D-4389-91E3-3ED3C4B60064}.Ad-Hoc|x86.ActiveCfg = Release|Any CPU
		{2AA08FC7-6E4D-4389-91E3-3ED3C4B60064}.Ad-Hoc|x86.Build.0 = Release|Any CPU
		{2AA08FC7-6E4D-4389-91E3-3ED3C4B60064}.AppStore|Any CPU.ActiveCfg = Release|Any CPU
		{2AA08FC7-6E4D-4389-91E3-3ED3C4B60064}.AppStore|Any CPU.Build.0 = Release|Any CPU
		{2AA08FC7-6E4D-4389-91E3-3ED3C4B60064}.AppStore|ARM.ActiveCfg = Release|Any CPU
		{2AA08FC7-6E4D-4389-91E3-3ED3C4B60064}.AppStore|ARM.Build.0 = Release|Any CPU
		{2AA08FC7-6E4D-4389-91E3-3ED3C4B60064}.AppStore|iPhone.ActiveCfg = Release|Any CPU
		{2AA08FC7-6E4D-4389-91E3-3ED3C4B60064}.AppStore|iPhone.Build.0 = Release|Any CPU
		{2AA08FC7-6E4D-4389-91E3-3ED3C4B60064}.AppStore|iPhoneSimulator.ActiveCfg = Release|Any CPU
		{2AA08FC7-6E4D-4389-91E3-3ED3C4B60064}.AppStore|iPhoneSimulator.Build.0 = Release|Any CPU
		{2AA08FC7-6E4D-4389-91E3-3ED3C4B60064}.AppStore|x64.ActiveCfg = Release|Any CPU
		{2AA08FC7-6E4D-4389-91E3-3ED3C4B60064}.AppStore|x64.Build.0 = Release|Any CPU
		{2AA08FC7-6E4D-4389-91E3-3ED3C4B60064}.AppStore|x86.ActiveCfg = Release|Any CPU
		{2AA08FC7-6E4D-4389-91E3-3ED3C4B60064}.AppStore|x86.Build.0 = Release|Any CPU
		{2AA08FC7-6E4D-4389-91E3-3ED3C4B60064}.Debug|Any CPU.ActiveCfg = Debug|Any CPU
		{2AA08FC7-6E4D-4389-91E3-3ED3C4B60064}.Debug|Any CPU.Build.0 = Debug|Any CPU
		{2AA08FC7-6E4D-4389-91E3-3ED3C4B60064}.Debug|ARM.ActiveCfg = Debug|Any CPU
		{2AA08FC7-6E4D-4389-91E3-3ED3C4B60064}.Debug|ARM.Build.0 = Debug|Any CPU
		{2AA08FC7-6E4D-4389-91E3-3ED3C4B60064}.Debug|iPhone.ActiveCfg = Debug|Any CPU
		{2AA08FC7-6E4D-4389-91E3-3ED3C4B60064}.Debug|iPhone.Build.0 = Debug|Any CPU
		{2AA08FC7-6E4D-4389-91E3-3ED3C4B60064}.Debug|iPhoneSimulator.ActiveCfg = Debug|Any CPU
		{2AA08FC7-6E4D-4389-91E3-3ED3C4B60064}.Debug|iPhoneSimulator.Build.0 = Debug|Any CPU
		{2AA08FC7-6E4D-4389-91E3-3ED3C4B60064}.Debug|x64.ActiveCfg = Debug|Any CPU
		{2AA08FC7-6E4D-4389-91E3-3ED3C4B60064}.Debug|x64.Build.0 = Debug|Any CPU
		{2AA08FC7-6E4D-4389-91E3-3ED3C4B60064}.Debug|x86.ActiveCfg = Debug|Any CPU
		{2AA08FC7-6E4D-4389-91E3-3ED3C4B60064}.Debug|x86.Build.0 = Debug|Any CPU
		{2AA08FC7-6E4D-4389-91E3-3ED3C4B60064}.Release|Any CPU.ActiveCfg = Release|Any CPU
		{2AA08FC7-6E4D-4389-91E3-3ED3C4B60064}.Release|Any CPU.Build.0 = Release|Any CPU
		{2AA08FC7-6E4D-4389-91E3-3ED3C4B60064}.Release|ARM.ActiveCfg = Release|Any CPU
		{2AA08FC7-6E4D-4389-91E3-3ED3C4B60064}.Release|ARM.Build.0 = Release|Any CPU
		{2AA08FC7-6E4D-4389-91E3-3ED3C4B60064}.Release|iPhone.ActiveCfg = Release|Any CPU
		{2AA08FC7-6E4D-4389-91E3-3ED3C4B60064}.Release|iPhone.Build.0 = Release|Any CPU
		{2AA08FC7-6E4D-4389-91E3-3ED3C4B60064}.Release|iPhoneSimulator.ActiveCfg = Release|Any CPU
		{2AA08FC7-6E4D-4389-91E3-3ED3C4B60064}.Release|iPhoneSimulator.Build.0 = Release|Any CPU
		{2AA08FC7-6E4D-4389-91E3-3ED3C4B60064}.Release|x64.ActiveCfg = Release|Any CPU
		{2AA08FC7-6E4D-4389-91E3-3ED3C4B60064}.Release|x64.Build.0 = Release|Any CPU
		{2AA08FC7-6E4D-4389-91E3-3ED3C4B60064}.Release|x86.ActiveCfg = Release|Any CPU
		{2AA08FC7-6E4D-4389-91E3-3ED3C4B60064}.Release|x86.Build.0 = Release|Any CPU
		{2FBDFCEB-B468-4265-A6E1-995727AC63A7}.Ad-Hoc|Any CPU.ActiveCfg = Release|Any CPU
		{2FBDFCEB-B468-4265-A6E1-995727AC63A7}.Ad-Hoc|Any CPU.Build.0 = Release|Any CPU
		{2FBDFCEB-B468-4265-A6E1-995727AC63A7}.Ad-Hoc|Any CPU.Deploy.0 = Release|Any CPU
		{2FBDFCEB-B468-4265-A6E1-995727AC63A7}.Ad-Hoc|ARM.ActiveCfg = Release|Any CPU
		{2FBDFCEB-B468-4265-A6E1-995727AC63A7}.Ad-Hoc|ARM.Build.0 = Release|Any CPU
		{2FBDFCEB-B468-4265-A6E1-995727AC63A7}.Ad-Hoc|ARM.Deploy.0 = Release|Any CPU
		{2FBDFCEB-B468-4265-A6E1-995727AC63A7}.Ad-Hoc|iPhone.ActiveCfg = Release|Any CPU
		{2FBDFCEB-B468-4265-A6E1-995727AC63A7}.Ad-Hoc|iPhone.Build.0 = Release|Any CPU
		{2FBDFCEB-B468-4265-A6E1-995727AC63A7}.Ad-Hoc|iPhone.Deploy.0 = Release|Any CPU
		{2FBDFCEB-B468-4265-A6E1-995727AC63A7}.Ad-Hoc|iPhoneSimulator.ActiveCfg = Release|Any CPU
		{2FBDFCEB-B468-4265-A6E1-995727AC63A7}.Ad-Hoc|iPhoneSimulator.Build.0 = Release|Any CPU
		{2FBDFCEB-B468-4265-A6E1-995727AC63A7}.Ad-Hoc|iPhoneSimulator.Deploy.0 = Release|Any CPU
		{2FBDFCEB-B468-4265-A6E1-995727AC63A7}.Ad-Hoc|x64.ActiveCfg = Release|Any CPU
		{2FBDFCEB-B468-4265-A6E1-995727AC63A7}.Ad-Hoc|x64.Build.0 = Release|Any CPU
		{2FBDFCEB-B468-4265-A6E1-995727AC63A7}.Ad-Hoc|x64.Deploy.0 = Release|Any CPU
		{2FBDFCEB-B468-4265-A6E1-995727AC63A7}.Ad-Hoc|x86.ActiveCfg = Release|Any CPU
		{2FBDFCEB-B468-4265-A6E1-995727AC63A7}.Ad-Hoc|x86.Build.0 = Release|Any CPU
		{2FBDFCEB-B468-4265-A6E1-995727AC63A7}.Ad-Hoc|x86.Deploy.0 = Release|Any CPU
		{2FBDFCEB-B468-4265-A6E1-995727AC63A7}.AppStore|Any CPU.ActiveCfg = Release|Any CPU
		{2FBDFCEB-B468-4265-A6E1-995727AC63A7}.AppStore|Any CPU.Build.0 = Release|Any CPU
		{2FBDFCEB-B468-4265-A6E1-995727AC63A7}.AppStore|Any CPU.Deploy.0 = Release|Any CPU
		{2FBDFCEB-B468-4265-A6E1-995727AC63A7}.AppStore|ARM.ActiveCfg = Release|Any CPU
		{2FBDFCEB-B468-4265-A6E1-995727AC63A7}.AppStore|ARM.Build.0 = Release|Any CPU
		{2FBDFCEB-B468-4265-A6E1-995727AC63A7}.AppStore|ARM.Deploy.0 = Release|Any CPU
		{2FBDFCEB-B468-4265-A6E1-995727AC63A7}.AppStore|iPhone.ActiveCfg = Release|Any CPU
		{2FBDFCEB-B468-4265-A6E1-995727AC63A7}.AppStore|iPhone.Build.0 = Release|Any CPU
		{2FBDFCEB-B468-4265-A6E1-995727AC63A7}.AppStore|iPhone.Deploy.0 = Release|Any CPU
		{2FBDFCEB-B468-4265-A6E1-995727AC63A7}.AppStore|iPhoneSimulator.ActiveCfg = Release|Any CPU
		{2FBDFCEB-B468-4265-A6E1-995727AC63A7}.AppStore|iPhoneSimulator.Build.0 = Release|Any CPU
		{2FBDFCEB-B468-4265-A6E1-995727AC63A7}.AppStore|iPhoneSimulator.Deploy.0 = Release|Any CPU
		{2FBDFCEB-B468-4265-A6E1-995727AC63A7}.AppStore|x64.ActiveCfg = Release|Any CPU
		{2FBDFCEB-B468-4265-A6E1-995727AC63A7}.AppStore|x64.Build.0 = Release|Any CPU
		{2FBDFCEB-B468-4265-A6E1-995727AC63A7}.AppStore|x64.Deploy.0 = Release|Any CPU
		{2FBDFCEB-B468-4265-A6E1-995727AC63A7}.AppStore|x86.ActiveCfg = Release|Any CPU
		{2FBDFCEB-B468-4265-A6E1-995727AC63A7}.AppStore|x86.Build.0 = Release|Any CPU
		{2FBDFCEB-B468-4265-A6E1-995727AC63A7}.AppStore|x86.Deploy.0 = Release|Any CPU
		{2FBDFCEB-B468-4265-A6E1-995727AC63A7}.Debug|Any CPU.ActiveCfg = Debug|Any CPU
		{2FBDFCEB-B468-4265-A6E1-995727AC63A7}.Debug|Any CPU.Build.0 = Debug|Any CPU
		{2FBDFCEB-B468-4265-A6E1-995727AC63A7}.Debug|Any CPU.Deploy.0 = Debug|Any CPU
		{2FBDFCEB-B468-4265-A6E1-995727AC63A7}.Debug|ARM.ActiveCfg = Debug|Any CPU
		{2FBDFCEB-B468-4265-A6E1-995727AC63A7}.Debug|ARM.Build.0 = Debug|Any CPU
		{2FBDFCEB-B468-4265-A6E1-995727AC63A7}.Debug|ARM.Deploy.0 = Debug|Any CPU
		{2FBDFCEB-B468-4265-A6E1-995727AC63A7}.Debug|iPhone.ActiveCfg = Debug|Any CPU
		{2FBDFCEB-B468-4265-A6E1-995727AC63A7}.Debug|iPhone.Build.0 = Debug|Any CPU
		{2FBDFCEB-B468-4265-A6E1-995727AC63A7}.Debug|iPhone.Deploy.0 = Debug|Any CPU
		{2FBDFCEB-B468-4265-A6E1-995727AC63A7}.Debug|iPhoneSimulator.ActiveCfg = Debug|Any CPU
		{2FBDFCEB-B468-4265-A6E1-995727AC63A7}.Debug|iPhoneSimulator.Build.0 = Debug|Any CPU
		{2FBDFCEB-B468-4265-A6E1-995727AC63A7}.Debug|iPhoneSimulator.Deploy.0 = Debug|Any CPU
		{2FBDFCEB-B468-4265-A6E1-995727AC63A7}.Debug|x64.ActiveCfg = Debug|Any CPU
		{2FBDFCEB-B468-4265-A6E1-995727AC63A7}.Debug|x64.Build.0 = Debug|Any CPU
		{2FBDFCEB-B468-4265-A6E1-995727AC63A7}.Debug|x64.Deploy.0 = Debug|Any CPU
		{2FBDFCEB-B468-4265-A6E1-995727AC63A7}.Debug|x86.ActiveCfg = Debug|Any CPU
		{2FBDFCEB-B468-4265-A6E1-995727AC63A7}.Debug|x86.Build.0 = Debug|Any CPU
		{2FBDFCEB-B468-4265-A6E1-995727AC63A7}.Debug|x86.Deploy.0 = Debug|Any CPU
		{2FBDFCEB-B468-4265-A6E1-995727AC63A7}.Release|Any CPU.ActiveCfg = Release|Any CPU
		{2FBDFCEB-B468-4265-A6E1-995727AC63A7}.Release|Any CPU.Build.0 = Release|Any CPU
		{2FBDFCEB-B468-4265-A6E1-995727AC63A7}.Release|Any CPU.Deploy.0 = Release|Any CPU
		{2FBDFCEB-B468-4265-A6E1-995727AC63A7}.Release|ARM.ActiveCfg = Release|Any CPU
		{2FBDFCEB-B468-4265-A6E1-995727AC63A7}.Release|ARM.Build.0 = Release|Any CPU
		{2FBDFCEB-B468-4265-A6E1-995727AC63A7}.Release|ARM.Deploy.0 = Release|Any CPU
		{2FBDFCEB-B468-4265-A6E1-995727AC63A7}.Release|iPhone.ActiveCfg = Release|Any CPU
		{2FBDFCEB-B468-4265-A6E1-995727AC63A7}.Release|iPhone.Build.0 = Release|Any CPU
		{2FBDFCEB-B468-4265-A6E1-995727AC63A7}.Release|iPhone.Deploy.0 = Release|Any CPU
		{2FBDFCEB-B468-4265-A6E1-995727AC63A7}.Release|iPhoneSimulator.ActiveCfg = Release|Any CPU
		{2FBDFCEB-B468-4265-A6E1-995727AC63A7}.Release|iPhoneSimulator.Build.0 = Release|Any CPU
		{2FBDFCEB-B468-4265-A6E1-995727AC63A7}.Release|iPhoneSimulator.Deploy.0 = Release|Any CPU
		{2FBDFCEB-B468-4265-A6E1-995727AC63A7}.Release|x64.ActiveCfg = Release|Any CPU
		{2FBDFCEB-B468-4265-A6E1-995727AC63A7}.Release|x64.Build.0 = Release|Any CPU
		{2FBDFCEB-B468-4265-A6E1-995727AC63A7}.Release|x64.Deploy.0 = Release|Any CPU
		{2FBDFCEB-B468-4265-A6E1-995727AC63A7}.Release|x86.ActiveCfg = Release|Any CPU
		{2FBDFCEB-B468-4265-A6E1-995727AC63A7}.Release|x86.Build.0 = Release|Any CPU
		{2FBDFCEB-B468-4265-A6E1-995727AC63A7}.Release|x86.Deploy.0 = Release|Any CPU
		{C642BEE4-3DDF-4A30-9FB5-1BB0588048F6}.Ad-Hoc|Any CPU.ActiveCfg = Ad-Hoc|iPhone
		{C642BEE4-3DDF-4A30-9FB5-1BB0588048F6}.Ad-Hoc|ARM.ActiveCfg = Ad-Hoc|iPhone
		{C642BEE4-3DDF-4A30-9FB5-1BB0588048F6}.Ad-Hoc|iPhone.ActiveCfg = Ad-Hoc|iPhone
		{C642BEE4-3DDF-4A30-9FB5-1BB0588048F6}.Ad-Hoc|iPhone.Build.0 = Ad-Hoc|iPhone
		{C642BEE4-3DDF-4A30-9FB5-1BB0588048F6}.Ad-Hoc|iPhoneSimulator.ActiveCfg = Ad-Hoc|iPhoneSimulator
		{C642BEE4-3DDF-4A30-9FB5-1BB0588048F6}.Ad-Hoc|iPhoneSimulator.Build.0 = Ad-Hoc|iPhoneSimulator
		{C642BEE4-3DDF-4A30-9FB5-1BB0588048F6}.Ad-Hoc|x64.ActiveCfg = Ad-Hoc|iPhone
		{C642BEE4-3DDF-4A30-9FB5-1BB0588048F6}.Ad-Hoc|x86.ActiveCfg = Ad-Hoc|iPhone
		{C642BEE4-3DDF-4A30-9FB5-1BB0588048F6}.AppStore|Any CPU.ActiveCfg = AppStore|iPhone
		{C642BEE4-3DDF-4A30-9FB5-1BB0588048F6}.AppStore|ARM.ActiveCfg = AppStore|iPhone
		{C642BEE4-3DDF-4A30-9FB5-1BB0588048F6}.AppStore|iPhone.ActiveCfg = AppStore|iPhone
		{C642BEE4-3DDF-4A30-9FB5-1BB0588048F6}.AppStore|iPhone.Build.0 = AppStore|iPhone
		{C642BEE4-3DDF-4A30-9FB5-1BB0588048F6}.AppStore|iPhoneSimulator.ActiveCfg = AppStore|iPhoneSimulator
		{C642BEE4-3DDF-4A30-9FB5-1BB0588048F6}.AppStore|iPhoneSimulator.Build.0 = AppStore|iPhoneSimulator
		{C642BEE4-3DDF-4A30-9FB5-1BB0588048F6}.AppStore|x64.ActiveCfg = AppStore|iPhone
		{C642BEE4-3DDF-4A30-9FB5-1BB0588048F6}.AppStore|x86.ActiveCfg = AppStore|iPhone
		{C642BEE4-3DDF-4A30-9FB5-1BB0588048F6}.Debug|Any CPU.ActiveCfg = Debug|iPhone
		{C642BEE4-3DDF-4A30-9FB5-1BB0588048F6}.Debug|ARM.ActiveCfg = Debug|iPhone
		{C642BEE4-3DDF-4A30-9FB5-1BB0588048F6}.Debug|iPhone.ActiveCfg = Debug|iPhone
		{C642BEE4-3DDF-4A30-9FB5-1BB0588048F6}.Debug|iPhone.Build.0 = Debug|iPhone
		{C642BEE4-3DDF-4A30-9FB5-1BB0588048F6}.Debug|iPhoneSimulator.ActiveCfg = Debug|iPhoneSimulator
		{C642BEE4-3DDF-4A30-9FB5-1BB0588048F6}.Debug|iPhoneSimulator.Build.0 = Debug|iPhoneSimulator
		{C642BEE4-3DDF-4A30-9FB5-1BB0588048F6}.Debug|x64.ActiveCfg = Debug|iPhone
		{C642BEE4-3DDF-4A30-9FB5-1BB0588048F6}.Debug|x86.ActiveCfg = Debug|iPhone
		{C642BEE4-3DDF-4A30-9FB5-1BB0588048F6}.Release|Any CPU.ActiveCfg = Release|iPhone
		{C642BEE4-3DDF-4A30-9FB5-1BB0588048F6}.Release|ARM.ActiveCfg = Release|iPhone
		{C642BEE4-3DDF-4A30-9FB5-1BB0588048F6}.Release|iPhone.ActiveCfg = Release|iPhone
		{C642BEE4-3DDF-4A30-9FB5-1BB0588048F6}.Release|iPhone.Build.0 = Release|iPhone
		{C642BEE4-3DDF-4A30-9FB5-1BB0588048F6}.Release|iPhoneSimulator.ActiveCfg = Release|iPhoneSimulator
		{C642BEE4-3DDF-4A30-9FB5-1BB0588048F6}.Release|iPhoneSimulator.Build.0 = Release|iPhoneSimulator
		{C642BEE4-3DDF-4A30-9FB5-1BB0588048F6}.Release|x64.ActiveCfg = Release|iPhone
		{C642BEE4-3DDF-4A30-9FB5-1BB0588048F6}.Release|x86.ActiveCfg = Release|iPhone
		{A359B18E-6400-4954-AD69-60105A97D1B3}.Ad-Hoc|Any CPU.ActiveCfg = Release|Any CPU
		{A359B18E-6400-4954-AD69-60105A97D1B3}.Ad-Hoc|Any CPU.Build.0 = Release|Any CPU
		{A359B18E-6400-4954-AD69-60105A97D1B3}.Ad-Hoc|Any CPU.Deploy.0 = Release|Any CPU
		{A359B18E-6400-4954-AD69-60105A97D1B3}.Ad-Hoc|ARM.ActiveCfg = Release|ARM
		{A359B18E-6400-4954-AD69-60105A97D1B3}.Ad-Hoc|ARM.Build.0 = Release|ARM
		{A359B18E-6400-4954-AD69-60105A97D1B3}.Ad-Hoc|ARM.Deploy.0 = Release|ARM
		{A359B18E-6400-4954-AD69-60105A97D1B3}.Ad-Hoc|iPhone.ActiveCfg = Release|Any CPU
		{A359B18E-6400-4954-AD69-60105A97D1B3}.Ad-Hoc|iPhone.Build.0 = Release|Any CPU
		{A359B18E-6400-4954-AD69-60105A97D1B3}.Ad-Hoc|iPhone.Deploy.0 = Release|Any CPU
		{A359B18E-6400-4954-AD69-60105A97D1B3}.Ad-Hoc|iPhoneSimulator.ActiveCfg = Release|Any CPU
		{A359B18E-6400-4954-AD69-60105A97D1B3}.Ad-Hoc|iPhoneSimulator.Build.0 = Release|Any CPU
		{A359B18E-6400-4954-AD69-60105A97D1B3}.Ad-Hoc|iPhoneSimulator.Deploy.0 = Release|Any CPU
		{A359B18E-6400-4954-AD69-60105A97D1B3}.Ad-Hoc|x64.ActiveCfg = Release|Any CPU
		{A359B18E-6400-4954-AD69-60105A97D1B3}.Ad-Hoc|x64.Build.0 = Release|Any CPU
		{A359B18E-6400-4954-AD69-60105A97D1B3}.Ad-Hoc|x64.Deploy.0 = Release|Any CPU
		{A359B18E-6400-4954-AD69-60105A97D1B3}.Ad-Hoc|x86.ActiveCfg = Release|x86
		{A359B18E-6400-4954-AD69-60105A97D1B3}.Ad-Hoc|x86.Build.0 = Release|x86
		{A359B18E-6400-4954-AD69-60105A97D1B3}.Ad-Hoc|x86.Deploy.0 = Release|x86
		{A359B18E-6400-4954-AD69-60105A97D1B3}.AppStore|Any CPU.ActiveCfg = Release|Any CPU
		{A359B18E-6400-4954-AD69-60105A97D1B3}.AppStore|Any CPU.Build.0 = Release|Any CPU
		{A359B18E-6400-4954-AD69-60105A97D1B3}.AppStore|Any CPU.Deploy.0 = Release|Any CPU
		{A359B18E-6400-4954-AD69-60105A97D1B3}.AppStore|ARM.ActiveCfg = Release|ARM
		{A359B18E-6400-4954-AD69-60105A97D1B3}.AppStore|ARM.Build.0 = Release|ARM
		{A359B18E-6400-4954-AD69-60105A97D1B3}.AppStore|ARM.Deploy.0 = Release|ARM
		{A359B18E-6400-4954-AD69-60105A97D1B3}.AppStore|iPhone.ActiveCfg = Release|Any CPU
		{A359B18E-6400-4954-AD69-60105A97D1B3}.AppStore|iPhone.Build.0 = Release|Any CPU
		{A359B18E-6400-4954-AD69-60105A97D1B3}.AppStore|iPhone.Deploy.0 = Release|Any CPU
		{A359B18E-6400-4954-AD69-60105A97D1B3}.AppStore|iPhoneSimulator.ActiveCfg = Release|Any CPU
		{A359B18E-6400-4954-AD69-60105A97D1B3}.AppStore|iPhoneSimulator.Build.0 = Release|Any CPU
		{A359B18E-6400-4954-AD69-60105A97D1B3}.AppStore|iPhoneSimulator.Deploy.0 = Release|Any CPU
		{A359B18E-6400-4954-AD69-60105A97D1B3}.AppStore|x64.ActiveCfg = Release|Any CPU
		{A359B18E-6400-4954-AD69-60105A97D1B3}.AppStore|x64.Build.0 = Release|Any CPU
		{A359B18E-6400-4954-AD69-60105A97D1B3}.AppStore|x64.Deploy.0 = Release|Any CPU
		{A359B18E-6400-4954-AD69-60105A97D1B3}.AppStore|x86.ActiveCfg = Release|x86
		{A359B18E-6400-4954-AD69-60105A97D1B3}.AppStore|x86.Build.0 = Release|x86
		{A359B18E-6400-4954-AD69-60105A97D1B3}.AppStore|x86.Deploy.0 = Release|x86
		{A359B18E-6400-4954-AD69-60105A97D1B3}.Debug|Any CPU.ActiveCfg = Debug|Any CPU
		{A359B18E-6400-4954-AD69-60105A97D1B3}.Debug|Any CPU.Build.0 = Debug|Any CPU
		{A359B18E-6400-4954-AD69-60105A97D1B3}.Debug|Any CPU.Deploy.0 = Debug|Any CPU
		{A359B18E-6400-4954-AD69-60105A97D1B3}.Debug|ARM.ActiveCfg = Debug|ARM
		{A359B18E-6400-4954-AD69-60105A97D1B3}.Debug|ARM.Build.0 = Debug|ARM
		{A359B18E-6400-4954-AD69-60105A97D1B3}.Debug|ARM.Deploy.0 = Debug|ARM
		{A359B18E-6400-4954-AD69-60105A97D1B3}.Debug|iPhone.ActiveCfg = Debug|Any CPU
		{A359B18E-6400-4954-AD69-60105A97D1B3}.Debug|iPhone.Build.0 = Debug|Any CPU
		{A359B18E-6400-4954-AD69-60105A97D1B3}.Debug|iPhone.Deploy.0 = Debug|Any CPU
		{A359B18E-6400-4954-AD69-60105A97D1B3}.Debug|iPhoneSimulator.ActiveCfg = Debug|Any CPU
		{A359B18E-6400-4954-AD69-60105A97D1B3}.Debug|iPhoneSimulator.Build.0 = Debug|Any CPU
		{A359B18E-6400-4954-AD69-60105A97D1B3}.Debug|iPhoneSimulator.Deploy.0 = Debug|Any CPU
		{A359B18E-6400-4954-AD69-60105A97D1B3}.Debug|x64.ActiveCfg = Debug|Any CPU
		{A359B18E-6400-4954-AD69-60105A97D1B3}.Debug|x64.Build.0 = Debug|Any CPU
		{A359B18E-6400-4954-AD69-60105A97D1B3}.Debug|x64.Deploy.0 = Debug|Any CPU
		{A359B18E-6400-4954-AD69-60105A97D1B3}.Debug|x86.ActiveCfg = Debug|x86
		{A359B18E-6400-4954-AD69-60105A97D1B3}.Debug|x86.Build.0 = Debug|x86
		{A359B18E-6400-4954-AD69-60105A97D1B3}.Debug|x86.Deploy.0 = Debug|x86
		{A359B18E-6400-4954-AD69-60105A97D1B3}.Release|Any CPU.ActiveCfg = Release|Any CPU
		{A359B18E-6400-4954-AD69-60105A97D1B3}.Release|Any CPU.Build.0 = Release|Any CPU
		{A359B18E-6400-4954-AD69-60105A97D1B3}.Release|Any CPU.Deploy.0 = Release|Any CPU
		{A359B18E-6400-4954-AD69-60105A97D1B3}.Release|ARM.ActiveCfg = Release|ARM
		{A359B18E-6400-4954-AD69-60105A97D1B3}.Release|ARM.Build.0 = Release|ARM
		{A359B18E-6400-4954-AD69-60105A97D1B3}.Release|ARM.Deploy.0 = Release|ARM
		{A359B18E-6400-4954-AD69-60105A97D1B3}.Release|iPhone.ActiveCfg = Release|Any CPU
		{A359B18E-6400-4954-AD69-60105A97D1B3}.Release|iPhone.Build.0 = Release|Any CPU
		{A359B18E-6400-4954-AD69-60105A97D1B3}.Release|iPhone.Deploy.0 = Release|Any CPU
		{A359B18E-6400-4954-AD69-60105A97D1B3}.Release|iPhoneSimulator.ActiveCfg = Release|Any CPU
		{A359B18E-6400-4954-AD69-60105A97D1B3}.Release|iPhoneSimulator.Build.0 = Release|Any CPU
		{A359B18E-6400-4954-AD69-60105A97D1B3}.Release|iPhoneSimulator.Deploy.0 = Release|Any CPU
		{A359B18E-6400-4954-AD69-60105A97D1B3}.Release|x64.ActiveCfg = Release|Any CPU
		{A359B18E-6400-4954-AD69-60105A97D1B3}.Release|x64.Build.0 = Release|Any CPU
		{A359B18E-6400-4954-AD69-60105A97D1B3}.Release|x64.Deploy.0 = Release|Any CPU
		{A359B18E-6400-4954-AD69-60105A97D1B3}.Release|x86.ActiveCfg = Release|x86
		{A359B18E-6400-4954-AD69-60105A97D1B3}.Release|x86.Build.0 = Release|x86
		{A359B18E-6400-4954-AD69-60105A97D1B3}.Release|x86.Deploy.0 = Release|x86
		{EAD48C4F-26C9-4A65-BD65-0D2FD6A25591}.Ad-Hoc|Any CPU.ActiveCfg = Release|Any CPU
		{EAD48C4F-26C9-4A65-BD65-0D2FD6A25591}.Ad-Hoc|Any CPU.Build.0 = Release|Any CPU
		{EAD48C4F-26C9-4A65-BD65-0D2FD6A25591}.Ad-Hoc|Any CPU.Deploy.0 = Release|Any CPU
		{EAD48C4F-26C9-4A65-BD65-0D2FD6A25591}.Ad-Hoc|ARM.ActiveCfg = Release|ARM
		{EAD48C4F-26C9-4A65-BD65-0D2FD6A25591}.Ad-Hoc|ARM.Build.0 = Release|ARM
		{EAD48C4F-26C9-4A65-BD65-0D2FD6A25591}.Ad-Hoc|ARM.Deploy.0 = Release|ARM
		{EAD48C4F-26C9-4A65-BD65-0D2FD6A25591}.Ad-Hoc|iPhone.ActiveCfg = Release|Any CPU
		{EAD48C4F-26C9-4A65-BD65-0D2FD6A25591}.Ad-Hoc|iPhone.Build.0 = Release|Any CPU
		{EAD48C4F-26C9-4A65-BD65-0D2FD6A25591}.Ad-Hoc|iPhone.Deploy.0 = Release|Any CPU
		{EAD48C4F-26C9-4A65-BD65-0D2FD6A25591}.Ad-Hoc|iPhoneSimulator.ActiveCfg = Release|Any CPU
		{EAD48C4F-26C9-4A65-BD65-0D2FD6A25591}.Ad-Hoc|iPhoneSimulator.Build.0 = Release|Any CPU
		{EAD48C4F-26C9-4A65-BD65-0D2FD6A25591}.Ad-Hoc|iPhoneSimulator.Deploy.0 = Release|Any CPU
		{EAD48C4F-26C9-4A65-BD65-0D2FD6A25591}.Ad-Hoc|x64.ActiveCfg = Release|x64
		{EAD48C4F-26C9-4A65-BD65-0D2FD6A25591}.Ad-Hoc|x64.Build.0 = Release|x64
		{EAD48C4F-26C9-4A65-BD65-0D2FD6A25591}.Ad-Hoc|x64.Deploy.0 = Release|x64
		{EAD48C4F-26C9-4A65-BD65-0D2FD6A25591}.Ad-Hoc|x86.ActiveCfg = Release|x86
		{EAD48C4F-26C9-4A65-BD65-0D2FD6A25591}.Ad-Hoc|x86.Build.0 = Release|x86
		{EAD48C4F-26C9-4A65-BD65-0D2FD6A25591}.Ad-Hoc|x86.Deploy.0 = Release|x86
		{EAD48C4F-26C9-4A65-BD65-0D2FD6A25591}.AppStore|Any CPU.ActiveCfg = Release|Any CPU
		{EAD48C4F-26C9-4A65-BD65-0D2FD6A25591}.AppStore|Any CPU.Build.0 = Release|Any CPU
		{EAD48C4F-26C9-4A65-BD65-0D2FD6A25591}.AppStore|Any CPU.Deploy.0 = Release|Any CPU
		{EAD48C4F-26C9-4A65-BD65-0D2FD6A25591}.AppStore|ARM.ActiveCfg = Release|ARM
		{EAD48C4F-26C9-4A65-BD65-0D2FD6A25591}.AppStore|ARM.Build.0 = Release|ARM
		{EAD48C4F-26C9-4A65-BD65-0D2FD6A25591}.AppStore|ARM.Deploy.0 = Release|ARM
		{EAD48C4F-26C9-4A65-BD65-0D2FD6A25591}.AppStore|iPhone.ActiveCfg = Release|Any CPU
		{EAD48C4F-26C9-4A65-BD65-0D2FD6A25591}.AppStore|iPhone.Build.0 = Release|Any CPU
		{EAD48C4F-26C9-4A65-BD65-0D2FD6A25591}.AppStore|iPhone.Deploy.0 = Release|Any CPU
		{EAD48C4F-26C9-4A65-BD65-0D2FD6A25591}.AppStore|iPhoneSimulator.ActiveCfg = Release|Any CPU
		{EAD48C4F-26C9-4A65-BD65-0D2FD6A25591}.AppStore|iPhoneSimulator.Build.0 = Release|Any CPU
		{EAD48C4F-26C9-4A65-BD65-0D2FD6A25591}.AppStore|iPhoneSimulator.Deploy.0 = Release|Any CPU
		{EAD48C4F-26C9-4A65-BD65-0D2FD6A25591}.AppStore|x64.ActiveCfg = Release|x64
		{EAD48C4F-26C9-4A65-BD65-0D2FD6A25591}.AppStore|x64.Build.0 = Release|x64
		{EAD48C4F-26C9-4A65-BD65-0D2FD6A25591}.AppStore|x64.Deploy.0 = Release|x64
		{EAD48C4F-26C9-4A65-BD65-0D2FD6A25591}.AppStore|x86.ActiveCfg = Release|x86
		{EAD48C4F-26C9-4A65-BD65-0D2FD6A25591}.AppStore|x86.Build.0 = Release|x86
		{EAD48C4F-26C9-4A65-BD65-0D2FD6A25591}.AppStore|x86.Deploy.0 = Release|x86
		{EAD48C4F-26C9-4A65-BD65-0D2FD6A25591}.Debug|Any CPU.ActiveCfg = Debug|Any CPU
		{EAD48C4F-26C9-4A65-BD65-0D2FD6A25591}.Debug|Any CPU.Build.0 = Debug|Any CPU
		{EAD48C4F-26C9-4A65-BD65-0D2FD6A25591}.Debug|Any CPU.Deploy.0 = Debug|Any CPU
		{EAD48C4F-26C9-4A65-BD65-0D2FD6A25591}.Debug|ARM.ActiveCfg = Debug|ARM
		{EAD48C4F-26C9-4A65-BD65-0D2FD6A25591}.Debug|ARM.Build.0 = Debug|ARM
		{EAD48C4F-26C9-4A65-BD65-0D2FD6A25591}.Debug|ARM.Deploy.0 = Debug|ARM
		{EAD48C4F-26C9-4A65-BD65-0D2FD6A25591}.Debug|iPhone.ActiveCfg = Debug|Any CPU
		{EAD48C4F-26C9-4A65-BD65-0D2FD6A25591}.Debug|iPhone.Build.0 = Debug|Any CPU
		{EAD48C4F-26C9-4A65-BD65-0D2FD6A25591}.Debug|iPhone.Deploy.0 = Debug|Any CPU
		{EAD48C4F-26C9-4A65-BD65-0D2FD6A25591}.Debug|iPhoneSimulator.ActiveCfg = Debug|Any CPU
		{EAD48C4F-26C9-4A65-BD65-0D2FD6A25591}.Debug|iPhoneSimulator.Build.0 = Debug|Any CPU
		{EAD48C4F-26C9-4A65-BD65-0D2FD6A25591}.Debug|iPhoneSimulator.Deploy.0 = Debug|Any CPU
		{EAD48C4F-26C9-4A65-BD65-0D2FD6A25591}.Debug|x64.ActiveCfg = Debug|x64
		{EAD48C4F-26C9-4A65-BD65-0D2FD6A25591}.Debug|x64.Build.0 = Debug|x64
		{EAD48C4F-26C9-4A65-BD65-0D2FD6A25591}.Debug|x64.Deploy.0 = Debug|x64
		{EAD48C4F-26C9-4A65-BD65-0D2FD6A25591}.Debug|x86.ActiveCfg = Debug|x86
		{EAD48C4F-26C9-4A65-BD65-0D2FD6A25591}.Debug|x86.Build.0 = Debug|x86
		{EAD48C4F-26C9-4A65-BD65-0D2FD6A25591}.Debug|x86.Deploy.0 = Debug|x86
		{EAD48C4F-26C9-4A65-BD65-0D2FD6A25591}.Release|Any CPU.ActiveCfg = Release|Any CPU
		{EAD48C4F-26C9-4A65-BD65-0D2FD6A25591}.Release|Any CPU.Build.0 = Release|Any CPU
		{EAD48C4F-26C9-4A65-BD65-0D2FD6A25591}.Release|Any CPU.Deploy.0 = Release|Any CPU
		{EAD48C4F-26C9-4A65-BD65-0D2FD6A25591}.Release|ARM.ActiveCfg = Release|ARM
		{EAD48C4F-26C9-4A65-BD65-0D2FD6A25591}.Release|ARM.Build.0 = Release|ARM
		{EAD48C4F-26C9-4A65-BD65-0D2FD6A25591}.Release|ARM.Deploy.0 = Release|ARM
		{EAD48C4F-26C9-4A65-BD65-0D2FD6A25591}.Release|iPhone.ActiveCfg = Release|Any CPU
		{EAD48C4F-26C9-4A65-BD65-0D2FD6A25591}.Release|iPhone.Build.0 = Release|Any CPU
		{EAD48C4F-26C9-4A65-BD65-0D2FD6A25591}.Release|iPhone.Deploy.0 = Release|Any CPU
		{EAD48C4F-26C9-4A65-BD65-0D2FD6A25591}.Release|iPhoneSimulator.ActiveCfg = Release|Any CPU
		{EAD48C4F-26C9-4A65-BD65-0D2FD6A25591}.Release|iPhoneSimulator.Build.0 = Release|Any CPU
		{EAD48C4F-26C9-4A65-BD65-0D2FD6A25591}.Release|iPhoneSimulator.Deploy.0 = Release|Any CPU
		{EAD48C4F-26C9-4A65-BD65-0D2FD6A25591}.Release|x64.ActiveCfg = Release|x64
		{EAD48C4F-26C9-4A65-BD65-0D2FD6A25591}.Release|x64.Build.0 = Release|x64
		{EAD48C4F-26C9-4A65-BD65-0D2FD6A25591}.Release|x64.Deploy.0 = Release|x64
		{EAD48C4F-26C9-4A65-BD65-0D2FD6A25591}.Release|x86.ActiveCfg = Release|x86
		{EAD48C4F-26C9-4A65-BD65-0D2FD6A25591}.Release|x86.Build.0 = Release|x86
		{EAD48C4F-26C9-4A65-BD65-0D2FD6A25591}.Release|x86.Deploy.0 = Release|x86
	EndGlobalSection
	GlobalSection(SolutionProperties) = preSolution
		HideSolutionNode = FALSE
	EndGlobalSection
EndGlobal
